
Microsoft Visual Studio Solution File, Format Version 12.00
# Visual Studio 15
VisualStudioVersion = 15.0.27004.2005
MinimumVisualStudioVersion = 10.0.40219.1
Project("{FAE04EC0-301F-11D3-BF4B-00C04F79EFBC}") = "Library", "Library\Library.csproj", "{E6CA0192-CBC7-453F-8445-0F95D80009B0}"
EndProject
Global
	GlobalSection(SolutionConfigurationPlatforms) = preSolution
		Debug|Any CPU = Debug|Any CPU
		Release|Any CPU = Release|Any CPU
	EndGlobalSection
	GlobalSection(ProjectConfigurationPlatforms) = postSolution
		{E6CA0192-CBC7-453F-8445-0F95D80009B0}.Debug|Any CPU.ActiveCfg = Debug|Any CPU
		{E6CA0192-CBC7-453F-8445-0F95D80009B0}.Debug|Any CPU.Build.0 = Debug|Any CPU
		{E6CA0192-CBC7-453F-8445-0F95D80009B0}.Release|Any CPU.ActiveCfg = Release|Any CPU
		{E6CA0192-CBC7-453F-8445-0F95D80009B0}.Release|Any CPU.Build.0 = Release|Any CPU
	EndGlobalSection
	GlobalSection(SolutionProperties) = preSolution
		HideSolutionNode = FALSE
	EndGlobalSection
	GlobalSection(ExtensibilityGlobals) = postSolution
		SolutionGuid = {27FE664B-10DC-483F-9932-FD5DC9A05395}
	EndGlobalSection
EndGlobal
